// !$*UTF8*$!
{
	archiveVersion = 1;
	classes = {
	};
	objectVersion = 46;
	objects = {

/* Begin PBXBuildFile section */
		638D3CA11C77BD8F004F9CA2 /* main.m in Sources */ = {isa = PBXBuildFile; fileRef = 638D3CA01C77BD8F004F9CA2 /* main.m */; };
		638D3CA41C77BD8F004F9CA2 /* AppDelegate.m in Sources */ = {isa = PBXBuildFile; fileRef = 638D3CA31C77BD8F004F9CA2 /* AppDelegate.m */; };
		638D3CA71C77BD8F004F9CA2 /* ViewController.m in Sources */ = {isa = PBXBuildFile; fileRef = 638D3CA61C77BD8F004F9CA2 /* ViewController.m */; };
		638D3CAA1C77BD8F004F9CA2 /* Main.storyboard in Resources */ = {isa = PBXBuildFile; fileRef = 638D3CA81C77BD8F004F9CA2 /* Main.storyboard */; };
		638D3CAC1C77BD8F004F9CA2 /* Assets.xcassets in Resources */ = {isa = PBXBuildFile; fileRef = 638D3CAB1C77BD8F004F9CA2 /* Assets.xcassets */; };
		638D3CAF1C77BD8F004F9CA2 /* LaunchScreen.storyboard in Resources */ = {isa = PBXBuildFile; fileRef = 638D3CAD1C77BD8F004F9CA2 /* LaunchScreen.storyboard */; };
		638D3CBA1C77BD8F004F9CA2 /* wantTests.m in Sources */ = {isa = PBXBuildFile; fileRef = 638D3CB91C77BD8F004F9CA2 /* wantTests.m */; };
		638D3CC51C77BD8F004F9CA2 /* wantUITests.m in Sources */ = {isa = PBXBuildFile; fileRef = 638D3CC41C77BD8F004F9CA2 /* wantUITests.m */; };
		638D3CD41C77BE4F004F9CA2 /* OKProductCategory.m in Sources */ = {isa = PBXBuildFile; fileRef = 638D3CD31C77BE4F004F9CA2 /* OKProductCategory.m */; };
		638D3CD81C77BED6004F9CA2 /* OKProduct.m in Sources */ = {isa = PBXBuildFile; fileRef = 638D3CD71C77BED6004F9CA2 /* OKProduct.m */; };
		638D3CDB1C77C10D004F9CA2 /* OKUser.m in Sources */ = {isa = PBXBuildFile; fileRef = 638D3CDA1C77C10D004F9CA2 /* OKUser.m */; };
		638D3CDE1C77C24F004F9CA2 /* OKCart.m in Sources */ = {isa = PBXBuildFile; fileRef = 638D3CDD1C77C24F004F9CA2 /* OKCart.m */; };
		638D3CE11C77C443004F9CA2 /* OKConstants.m in Sources */ = {isa = PBXBuildFile; fileRef = 638D3CE01C77C443004F9CA2 /* OKConstants.m */; };
		638D3D051C77CA43004F9CA2 /* AFHTTPSessionManager.m in Sources */ = {isa = PBXBuildFile; fileRef = 638D3CE41C77CA43004F9CA2 /* AFHTTPSessionManager.m */; };
		638D3D061C77CA43004F9CA2 /* AFNetworkReachabilityManager.m in Sources */ = {isa = PBXBuildFile; fileRef = 638D3CE71C77CA43004F9CA2 /* AFNetworkReachabilityManager.m */; };
		638D3D071C77CA43004F9CA2 /* AFSecurityPolicy.m in Sources */ = {isa = PBXBuildFile; fileRef = 638D3CE91C77CA43004F9CA2 /* AFSecurityPolicy.m */; };
		638D3D081C77CA43004F9CA2 /* AFURLRequestSerialization.m in Sources */ = {isa = PBXBuildFile; fileRef = 638D3CEB1C77CA43004F9CA2 /* AFURLRequestSerialization.m */; };
		638D3D091C77CA43004F9CA2 /* AFURLResponseSerialization.m in Sources */ = {isa = PBXBuildFile; fileRef = 638D3CED1C77CA43004F9CA2 /* AFURLResponseSerialization.m */; };
		638D3D0A1C77CA43004F9CA2 /* AFURLSessionManager.m in Sources */ = {isa = PBXBuildFile; fileRef = 638D3CEF1C77CA43004F9CA2 /* AFURLSessionManager.m */; };
		638D3D0B1C77CA43004F9CA2 /* AFAutoPurgingImageCache.m in Sources */ = {isa = PBXBuildFile; fileRef = 638D3CF21C77CA43004F9CA2 /* AFAutoPurgingImageCache.m */; };
		638D3D0C1C77CA43004F9CA2 /* AFImageDownloader.m in Sources */ = {isa = PBXBuildFile; fileRef = 638D3CF41C77CA43004F9CA2 /* AFImageDownloader.m */; };
		638D3D0D1C77CA43004F9CA2 /* AFNetworkActivityIndicatorManager.m in Sources */ = {isa = PBXBuildFile; fileRef = 638D3CF61C77CA43004F9CA2 /* AFNetworkActivityIndicatorManager.m */; };
		638D3D0E1C77CA43004F9CA2 /* UIActivityIndicatorView+AFNetworking.m in Sources */ = {isa = PBXBuildFile; fileRef = 638D3CF81C77CA43004F9CA2 /* UIActivityIndicatorView+AFNetworking.m */; };
		638D3D0F1C77CA43004F9CA2 /* UIButton+AFNetworking.m in Sources */ = {isa = PBXBuildFile; fileRef = 638D3CFA1C77CA43004F9CA2 /* UIButton+AFNetworking.m */; };
		638D3D101C77CA43004F9CA2 /* UIImageView+AFNetworking.m in Sources */ = {isa = PBXBuildFile; fileRef = 638D3CFD1C77CA43004F9CA2 /* UIImageView+AFNetworking.m */; };
		638D3D111C77CA43004F9CA2 /* UIProgressView+AFNetworking.m in Sources */ = {isa = PBXBuildFile; fileRef = 638D3D001C77CA43004F9CA2 /* UIProgressView+AFNetworking.m */; };
		638D3D121C77CA43004F9CA2 /* UIRefreshControl+AFNetworking.m in Sources */ = {isa = PBXBuildFile; fileRef = 638D3D021C77CA43004F9CA2 /* UIRefreshControl+AFNetworking.m */; };
		638D3D131C77CA43004F9CA2 /* UIWebView+AFNetworking.m in Sources */ = {isa = PBXBuildFile; fileRef = 638D3D041C77CA43004F9CA2 /* UIWebView+AFNetworking.m */; };
		638D3D161C77CAB2004F9CA2 /* OKCard.m in Sources */ = {isa = PBXBuildFile; fileRef = 638D3D151C77CAB2004F9CA2 /* OKCard.m */; };
		638D3D191C77CB3D004F9CA2 /* OKAddress.m in Sources */ = {isa = PBXBuildFile; fileRef = 638D3D181C77CB3D004F9CA2 /* OKAddress.m */; };
		638D3D1D1C77CD5C004F9CA2 /* OKLoginViewController.m in Sources */ = {isa = PBXBuildFile; fileRef = 638D3D1C1C77CD5C004F9CA2 /* OKLoginViewController.m */; };
		638D3D201C77CD78004F9CA2 /* OKRegisterViewController.m in Sources */ = {isa = PBXBuildFile; fileRef = 638D3D1F1C77CD78004F9CA2 /* OKRegisterViewController.m */; };
		638D3D231C77CD8F004F9CA2 /* OKHomeViewController.m in Sources */ = {isa = PBXBuildFile; fileRef = 638D3D221C77CD8F004F9CA2 /* OKHomeViewController.m */; };
		638D3D261C77CD9F004F9CA2 /* OKProductListViewController.m in Sources */ = {isa = PBXBuildFile; fileRef = 638D3D251C77CD9F004F9CA2 /* OKProductListViewController.m */; };
		638D3D291C77CDA7004F9CA2 /* OKCartViewController.m in Sources */ = {isa = PBXBuildFile; fileRef = 638D3D281C77CDA7004F9CA2 /* OKCartViewController.m */; };
		638D3D2C1C77CDBC004F9CA2 /* OKConfirmOrderViewController.m in Sources */ = {isa = PBXBuildFile; fileRef = 638D3D2B1C77CDBC004F9CA2 /* OKConfirmOrderViewController.m */; };
		638D3D2F1C77CDCF004F9CA2 /* OKCourierTrankingViewController.m in Sources */ = {isa = PBXBuildFile; fileRef = 638D3D2E1C77CDCF004F9CA2 /* OKCourierTrankingViewController.m */; };
		638D3D321C77CDDB004F9CA2 /* OKOrderViewController.m in Sources */ = {isa = PBXBuildFile; fileRef = 638D3D311C77CDDB004F9CA2 /* OKOrderViewController.m */; };
		638D3D351C77CDE8004F9CA2 /* OKAddCreditCardViewController.m in Sources */ = {isa = PBXBuildFile; fileRef = 638D3D341C77CDE8004F9CA2 /* OKAddCreditCardViewController.m */; };
		638D3D381C77CE14004F9CA2 /* OKUserProfileViewController.m in Sources */ = {isa = PBXBuildFile; fileRef = 638D3D371C77CE14004F9CA2 /* OKUserProfileViewController.m */; };
/* End PBXBuildFile section */

/* Begin PBXContainerItemProxy section */
		638D3CB61C77BD8F004F9CA2 /* PBXContainerItemProxy */ = {
			isa = PBXContainerItemProxy;
			containerPortal = 638D3C941C77BD8F004F9CA2 /* Project object */;
			proxyType = 1;
			remoteGlobalIDString = 638D3C9B1C77BD8F004F9CA2;
			remoteInfo = want;
		};
		638D3CC11C77BD8F004F9CA2 /* PBXContainerItemProxy */ = {
			isa = PBXContainerItemProxy;
			containerPortal = 638D3C941C77BD8F004F9CA2 /* Project object */;
			proxyType = 1;
			remoteGlobalIDString = 638D3C9B1C77BD8F004F9CA2;
			remoteInfo = want;
		};
/* End PBXContainerItemProxy section */

/* Begin PBXFileReference section */
		638D3C9C1C77BD8F004F9CA2 /* want.app */ = {isa = PBXFileReference; explicitFileType = wrapper.application; includeInIndex = 0; path = want.app; sourceTree = BUILT_PRODUCTS_DIR; };
		638D3CA01C77BD8F004F9CA2 /* main.m */ = {isa = PBXFileReference; lastKnownFileType = sourcecode.c.objc; path = main.m; sourceTree = "<group>"; };
		638D3CA21C77BD8F004F9CA2 /* AppDelegate.h */ = {isa = PBXFileReference; lastKnownFileType = sourcecode.c.h; path = AppDelegate.h; sourceTree = "<group>"; };
		638D3CA31C77BD8F004F9CA2 /* AppDelegate.m */ = {isa = PBXFileReference; lastKnownFileType = sourcecode.c.objc; path = AppDelegate.m; sourceTree = "<group>"; };
		638D3CA51C77BD8F004F9CA2 /* ViewController.h */ = {isa = PBXFileReference; lastKnownFileType = sourcecode.c.h; path = ViewController.h; sourceTree = "<group>"; };
		638D3CA61C77BD8F004F9CA2 /* ViewController.m */ = {isa = PBXFileReference; lastKnownFileType = sourcecode.c.objc; path = ViewController.m; sourceTree = "<group>"; };
		638D3CA91C77BD8F004F9CA2 /* Base */ = {isa = PBXFileReference; lastKnownFileType = file.storyboard; name = Base; path = Base.lproj/Main.storyboard; sourceTree = "<group>"; };
		638D3CAB1C77BD8F004F9CA2 /* Assets.xcassets */ = {isa = PBXFileReference; lastKnownFileType = folder.assetcatalog; path = Assets.xcassets; sourceTree = "<group>"; };
		638D3CAE1C77BD8F004F9CA2 /* Base */ = {isa = PBXFileReference; lastKnownFileType = file.storyboard; name = Base; path = Base.lproj/LaunchScreen.storyboard; sourceTree = "<group>"; };
		638D3CB01C77BD8F004F9CA2 /* Info.plist */ = {isa = PBXFileReference; lastKnownFileType = text.plist.xml; path = Info.plist; sourceTree = "<group>"; };
		638D3CB51C77BD8F004F9CA2 /* wantTests.xctest */ = {isa = PBXFileReference; explicitFileType = wrapper.cfbundle; includeInIndex = 0; path = wantTests.xctest; sourceTree = BUILT_PRODUCTS_DIR; };
		638D3CB91C77BD8F004F9CA2 /* wantTests.m */ = {isa = PBXFileReference; lastKnownFileType = sourcecode.c.objc; path = wantTests.m; sourceTree = "<group>"; };
		638D3CBB1C77BD8F004F9CA2 /* Info.plist */ = {isa = PBXFileReference; lastKnownFileType = text.plist.xml; path = Info.plist; sourceTree = "<group>"; };
		638D3CC01C77BD8F004F9CA2 /* wantUITests.xctest */ = {isa = PBXFileReference; explicitFileType = wrapper.cfbundle; includeInIndex = 0; path = wantUITests.xctest; sourceTree = BUILT_PRODUCTS_DIR; };
		638D3CC41C77BD8F004F9CA2 /* wantUITests.m */ = {isa = PBXFileReference; lastKnownFileType = sourcecode.c.objc; path = wantUITests.m; sourceTree = "<group>"; };
		638D3CC61C77BD8F004F9CA2 /* Info.plist */ = {isa = PBXFileReference; lastKnownFileType = text.plist.xml; path = Info.plist; sourceTree = "<group>"; };
		638D3CD21C77BE4F004F9CA2 /* OKProductCategory.h */ = {isa = PBXFileReference; fileEncoding = 4; lastKnownFileType = sourcecode.c.h; path = OKProductCategory.h; sourceTree = "<group>"; };
		638D3CD31C77BE4F004F9CA2 /* OKProductCategory.m */ = {isa = PBXFileReference; fileEncoding = 4; lastKnownFileType = sourcecode.c.objc; path = OKProductCategory.m; sourceTree = "<group>"; };
		638D3CD61C77BED6004F9CA2 /* OKProduct.h */ = {isa = PBXFileReference; fileEncoding = 4; lastKnownFileType = sourcecode.c.h; path = OKProduct.h; sourceTree = "<group>"; };
		638D3CD71C77BED6004F9CA2 /* OKProduct.m */ = {isa = PBXFileReference; fileEncoding = 4; lastKnownFileType = sourcecode.c.objc; path = OKProduct.m; sourceTree = "<group>"; };
		638D3CD91C77C10D004F9CA2 /* OKUser.h */ = {isa = PBXFileReference; fileEncoding = 4; lastKnownFileType = sourcecode.c.h; path = OKUser.h; sourceTree = "<group>"; };
		638D3CDA1C77C10D004F9CA2 /* OKUser.m */ = {isa = PBXFileReference; fileEncoding = 4; lastKnownFileType = sourcecode.c.objc; path = OKUser.m; sourceTree = "<group>"; };
		638D3CDC1C77C24F004F9CA2 /* OKCart.h */ = {isa = PBXFileReference; fileEncoding = 4; lastKnownFileType = sourcecode.c.h; path = OKCart.h; sourceTree = "<group>"; };
		638D3CDD1C77C24F004F9CA2 /* OKCart.m */ = {isa = PBXFileReference; fileEncoding = 4; lastKnownFileType = sourcecode.c.objc; path = OKCart.m; sourceTree = "<group>"; };
		638D3CDF1C77C443004F9CA2 /* OKConstants.h */ = {isa = PBXFileReference; fileEncoding = 4; lastKnownFileType = sourcecode.c.h; path = OKConstants.h; sourceTree = "<group>"; };
		638D3CE01C77C443004F9CA2 /* OKConstants.m */ = {isa = PBXFileReference; fileEncoding = 4; lastKnownFileType = sourcecode.c.objc; path = OKConstants.m; sourceTree = "<group>"; };
		638D3CE31C77CA43004F9CA2 /* AFHTTPSessionManager.h */ = {isa = PBXFileReference; fileEncoding = 4; lastKnownFileType = sourcecode.c.h; path = AFHTTPSessionManager.h; sourceTree = "<group>"; };
		638D3CE41C77CA43004F9CA2 /* AFHTTPSessionManager.m */ = {isa = PBXFileReference; fileEncoding = 4; lastKnownFileType = sourcecode.c.objc; path = AFHTTPSessionManager.m; sourceTree = "<group>"; };
		638D3CE51C77CA43004F9CA2 /* AFNetworking.h */ = {isa = PBXFileReference; fileEncoding = 4; lastKnownFileType = sourcecode.c.h; path = AFNetworking.h; sourceTree = "<group>"; };
		638D3CE61C77CA43004F9CA2 /* AFNetworkReachabilityManager.h */ = {isa = PBXFileReference; fileEncoding = 4; lastKnownFileType = sourcecode.c.h; path = AFNetworkReachabilityManager.h; sourceTree = "<group>"; };
		638D3CE71C77CA43004F9CA2 /* AFNetworkReachabilityManager.m */ = {isa = PBXFileReference; fileEncoding = 4; lastKnownFileType = sourcecode.c.objc; path = AFNetworkReachabilityManager.m; sourceTree = "<group>"; };
		638D3CE81C77CA43004F9CA2 /* AFSecurityPolicy.h */ = {isa = PBXFileReference; fileEncoding = 4; lastKnownFileType = sourcecode.c.h; path = AFSecurityPolicy.h; sourceTree = "<group>"; };
		638D3CE91C77CA43004F9CA2 /* AFSecurityPolicy.m */ = {isa = PBXFileReference; fileEncoding = 4; lastKnownFileType = sourcecode.c.objc; path = AFSecurityPolicy.m; sourceTree = "<group>"; };
		638D3CEA1C77CA43004F9CA2 /* AFURLRequestSerialization.h */ = {isa = PBXFileReference; fileEncoding = 4; lastKnownFileType = sourcecode.c.h; path = AFURLRequestSerialization.h; sourceTree = "<group>"; };
		638D3CEB1C77CA43004F9CA2 /* AFURLRequestSerialization.m */ = {isa = PBXFileReference; fileEncoding = 4; lastKnownFileType = sourcecode.c.objc; path = AFURLRequestSerialization.m; sourceTree = "<group>"; };
		638D3CEC1C77CA43004F9CA2 /* AFURLResponseSerialization.h */ = {isa = PBXFileReference; fileEncoding = 4; lastKnownFileType = sourcecode.c.h; path = AFURLResponseSerialization.h; sourceTree = "<group>"; };
		638D3CED1C77CA43004F9CA2 /* AFURLResponseSerialization.m */ = {isa = PBXFileReference; fileEncoding = 4; lastKnownFileType = sourcecode.c.objc; path = AFURLResponseSerialization.m; sourceTree = "<group>"; };
		638D3CEE1C77CA43004F9CA2 /* AFURLSessionManager.h */ = {isa = PBXFileReference; fileEncoding = 4; lastKnownFileType = sourcecode.c.h; path = AFURLSessionManager.h; sourceTree = "<group>"; };
		638D3CEF1C77CA43004F9CA2 /* AFURLSessionManager.m */ = {isa = PBXFileReference; fileEncoding = 4; lastKnownFileType = sourcecode.c.objc; path = AFURLSessionManager.m; sourceTree = "<group>"; };
		638D3CF11C77CA43004F9CA2 /* AFAutoPurgingImageCache.h */ = {isa = PBXFileReference; fileEncoding = 4; lastKnownFileType = sourcecode.c.h; path = AFAutoPurgingImageCache.h; sourceTree = "<group>"; };
		638D3CF21C77CA43004F9CA2 /* AFAutoPurgingImageCache.m */ = {isa = PBXFileReference; fileEncoding = 4; lastKnownFileType = sourcecode.c.objc; path = AFAutoPurgingImageCache.m; sourceTree = "<group>"; };
		638D3CF31C77CA43004F9CA2 /* AFImageDownloader.h */ = {isa = PBXFileReference; fileEncoding = 4; lastKnownFileType = sourcecode.c.h; path = AFImageDownloader.h; sourceTree = "<group>"; };
		638D3CF41C77CA43004F9CA2 /* AFImageDownloader.m */ = {isa = PBXFileReference; fileEncoding = 4; lastKnownFileType = sourcecode.c.objc; path = AFImageDownloader.m; sourceTree = "<group>"; };
		638D3CF51C77CA43004F9CA2 /* AFNetworkActivityIndicatorManager.h */ = {isa = PBXFileReference; fileEncoding = 4; lastKnownFileType = sourcecode.c.h; path = AFNetworkActivityIndicatorManager.h; sourceTree = "<group>"; };
		638D3CF61C77CA43004F9CA2 /* AFNetworkActivityIndicatorManager.m */ = {isa = PBXFileReference; fileEncoding = 4; lastKnownFileType = sourcecode.c.objc; path = AFNetworkActivityIndicatorManager.m; sourceTree = "<group>"; };
		638D3CF71C77CA43004F9CA2 /* UIActivityIndicatorView+AFNetworking.h */ = {isa = PBXFileReference; fileEncoding = 4; lastKnownFileType = sourcecode.c.h; path = "UIActivityIndicatorView+AFNetworking.h"; sourceTree = "<group>"; };
		638D3CF81C77CA43004F9CA2 /* UIActivityIndicatorView+AFNetworking.m */ = {isa = PBXFileReference; fileEncoding = 4; lastKnownFileType = sourcecode.c.objc; path = "UIActivityIndicatorView+AFNetworking.m"; sourceTree = "<group>"; };
		638D3CF91C77CA43004F9CA2 /* UIButton+AFNetworking.h */ = {isa = PBXFileReference; fileEncoding = 4; lastKnownFileType = sourcecode.c.h; path = "UIButton+AFNetworking.h"; sourceTree = "<group>"; };
		638D3CFA1C77CA43004F9CA2 /* UIButton+AFNetworking.m */ = {isa = PBXFileReference; fileEncoding = 4; lastKnownFileType = sourcecode.c.objc; path = "UIButton+AFNetworking.m"; sourceTree = "<group>"; };
		638D3CFB1C77CA43004F9CA2 /* UIImage+AFNetworking.h */ = {isa = PBXFileReference; fileEncoding = 4; lastKnownFileType = sourcecode.c.h; path = "UIImage+AFNetworking.h"; sourceTree = "<group>"; };
		638D3CFC1C77CA43004F9CA2 /* UIImageView+AFNetworking.h */ = {isa = PBXFileReference; fileEncoding = 4; lastKnownFileType = sourcecode.c.h; path = "UIImageView+AFNetworking.h"; sourceTree = "<group>"; };
		638D3CFD1C77CA43004F9CA2 /* UIImageView+AFNetworking.m */ = {isa = PBXFileReference; fileEncoding = 4; lastKnownFileType = sourcecode.c.objc; path = "UIImageView+AFNetworking.m"; sourceTree = "<group>"; };
		638D3CFE1C77CA43004F9CA2 /* UIKit+AFNetworking.h */ = {isa = PBXFileReference; fileEncoding = 4; lastKnownFileType = sourcecode.c.h; path = "UIKit+AFNetworking.h"; sourceTree = "<group>"; };
		638D3CFF1C77CA43004F9CA2 /* UIProgressView+AFNetworking.h */ = {isa = PBXFileReference; fileEncoding = 4; lastKnownFileType = sourcecode.c.h; path = "UIProgressView+AFNetworking.h"; sourceTree = "<group>"; };
		638D3D001C77CA43004F9CA2 /* UIProgressView+AFNetworking.m */ = {isa = PBXFileReference; fileEncoding = 4; lastKnownFileType = sourcecode.c.objc; path = "UIProgressView+AFNetworking.m"; sourceTree = "<group>"; };
		638D3D011C77CA43004F9CA2 /* UIRefreshControl+AFNetworking.h */ = {isa = PBXFileReference; fileEncoding = 4; lastKnownFileType = sourcecode.c.h; path = "UIRefreshControl+AFNetworking.h"; sourceTree = "<group>"; };
		638D3D021C77CA43004F9CA2 /* UIRefreshControl+AFNetworking.m */ = {isa = PBXFileReference; fileEncoding = 4; lastKnownFileType = sourcecode.c.objc; path = "UIRefreshControl+AFNetworking.m"; sourceTree = "<group>"; };
		638D3D031C77CA43004F9CA2 /* UIWebView+AFNetworking.h */ = {isa = PBXFileReference; fileEncoding = 4; lastKnownFileType = sourcecode.c.h; path = "UIWebView+AFNetworking.h"; sourceTree = "<group>"; };
		638D3D041C77CA43004F9CA2 /* UIWebView+AFNetworking.m */ = {isa = PBXFileReference; fileEncoding = 4; lastKnownFileType = sourcecode.c.objc; path = "UIWebView+AFNetworking.m"; sourceTree = "<group>"; };
		638D3D141C77CAB2004F9CA2 /* OKCard.h */ = {isa = PBXFileReference; fileEncoding = 4; lastKnownFileType = sourcecode.c.h; path = OKCard.h; sourceTree = "<group>"; };
		638D3D151C77CAB2004F9CA2 /* OKCard.m */ = {isa = PBXFileReference; fileEncoding = 4; lastKnownFileType = sourcecode.c.objc; path = OKCard.m; sourceTree = "<group>"; };
		638D3D171C77CB3D004F9CA2 /* OKAddress.h */ = {isa = PBXFileReference; fileEncoding = 4; lastKnownFileType = sourcecode.c.h; path = OKAddress.h; sourceTree = "<group>"; };
		638D3D181C77CB3D004F9CA2 /* OKAddress.m */ = {isa = PBXFileReference; fileEncoding = 4; lastKnownFileType = sourcecode.c.objc; path = OKAddress.m; sourceTree = "<group>"; };
		638D3D1B1C77CD5C004F9CA2 /* OKLoginViewController.h */ = {isa = PBXFileReference; fileEncoding = 4; lastKnownFileType = sourcecode.c.h; path = OKLoginViewController.h; sourceTree = "<group>"; };
		638D3D1C1C77CD5C004F9CA2 /* OKLoginViewController.m */ = {isa = PBXFileReference; fileEncoding = 4; lastKnownFileType = sourcecode.c.objc; path = OKLoginViewController.m; sourceTree = "<group>"; };
		638D3D1E1C77CD78004F9CA2 /* OKRegisterViewController.h */ = {isa = PBXFileReference; fileEncoding = 4; lastKnownFileType = sourcecode.c.h; path = OKRegisterViewController.h; sourceTree = "<group>"; };
		638D3D1F1C77CD78004F9CA2 /* OKRegisterViewController.m */ = {isa = PBXFileReference; fileEncoding = 4; lastKnownFileType = sourcecode.c.objc; path = OKRegisterViewController.m; sourceTree = "<group>"; };
		638D3D211C77CD8F004F9CA2 /* OKHomeViewController.h */ = {isa = PBXFileReference; fileEncoding = 4; lastKnownFileType = sourcecode.c.h; path = OKHomeViewController.h; sourceTree = "<group>"; };
		638D3D221C77CD8F004F9CA2 /* OKHomeViewController.m */ = {isa = PBXFileReference; fileEncoding = 4; lastKnownFileType = sourcecode.c.objc; path = OKHomeViewController.m; sourceTree = "<group>"; };
		638D3D241C77CD9F004F9CA2 /* OKProductListViewController.h */ = {isa = PBXFileReference; fileEncoding = 4; lastKnownFileType = sourcecode.c.h; path = OKProductListViewController.h; sourceTree = "<group>"; };
		638D3D251C77CD9F004F9CA2 /* OKProductListViewController.m */ = {isa = PBXFileReference; fileEncoding = 4; lastKnownFileType = sourcecode.c.objc; path = OKProductListViewController.m; sourceTree = "<group>"; };
		638D3D271C77CDA7004F9CA2 /* OKCartViewController.h */ = {isa = PBXFileReference; fileEncoding = 4; lastKnownFileType = sourcecode.c.h; path = OKCartViewController.h; sourceTree = "<group>"; };
		638D3D281C77CDA7004F9CA2 /* OKCartViewController.m */ = {isa = PBXFileReference; fileEncoding = 4; lastKnownFileType = sourcecode.c.objc; path = OKCartViewController.m; sourceTree = "<group>"; };
		638D3D2A1C77CDBC004F9CA2 /* OKConfirmOrderViewController.h */ = {isa = PBXFileReference; fileEncoding = 4; lastKnownFileType = sourcecode.c.h; path = OKConfirmOrderViewController.h; sourceTree = "<group>"; };
		638D3D2B1C77CDBC004F9CA2 /* OKConfirmOrderViewController.m */ = {isa = PBXFileReference; fileEncoding = 4; lastKnownFileType = sourcecode.c.objc; path = OKConfirmOrderViewController.m; sourceTree = "<group>"; };
		638D3D2D1C77CDCF004F9CA2 /* OKCourierTrankingViewController.h */ = {isa = PBXFileReference; fileEncoding = 4; lastKnownFileType = sourcecode.c.h; path = OKCourierTrankingViewController.h; sourceTree = "<group>"; };
		638D3D2E1C77CDCF004F9CA2 /* OKCourierTrankingViewController.m */ = {isa = PBXFileReference; fileEncoding = 4; lastKnownFileType = sourcecode.c.objc; path = OKCourierTrankingViewController.m; sourceTree = "<group>"; };
		638D3D301C77CDDA004F9CA2 /* OKOrderViewController.h */ = {isa = PBXFileReference; fileEncoding = 4; lastKnownFileType = sourcecode.c.h; path = OKOrderViewController.h; sourceTree = "<group>"; };
		638D3D311C77CDDB004F9CA2 /* OKOrderViewController.m */ = {isa = PBXFileReference; fileEncoding = 4; lastKnownFileType = sourcecode.c.objc; path = OKOrderViewController.m; sourceTree = "<group>"; };
		638D3D331C77CDE8004F9CA2 /* OKAddCreditCardViewController.h */ = {isa = PBXFileReference; fileEncoding = 4; lastKnownFileType = sourcecode.c.h; path = OKAddCreditCardViewController.h; sourceTree = "<group>"; };
		638D3D341C77CDE8004F9CA2 /* OKAddCreditCardViewController.m */ = {isa = PBXFileReference; fileEncoding = 4; lastKnownFileType = sourcecode.c.objc; path = OKAddCreditCardViewController.m; sourceTree = "<group>"; };
		638D3D361C77CE14004F9CA2 /* OKUserProfileViewController.h */ = {isa = PBXFileReference; fileEncoding = 4; lastKnownFileType = sourcecode.c.h; path = OKUserProfileViewController.h; sourceTree = "<group>"; };
		638D3D371C77CE14004F9CA2 /* OKUserProfileViewController.m */ = {isa = PBXFileReference; fileEncoding = 4; lastKnownFileType = sourcecode.c.objc; path = OKUserProfileViewController.m; sourceTree = "<group>"; };
/* End PBXFileReference section */

/* Begin PBXFrameworksBuildPhase section */
		638D3C991C77BD8F004F9CA2 /* Frameworks */ = {
			isa = PBXFrameworksBuildPhase;
			buildActionMask = 2147483647;
			files = (
			);
			runOnlyForDeploymentPostprocessing = 0;
		};
		638D3CB21C77BD8F004F9CA2 /* Frameworks */ = {
			isa = PBXFrameworksBuildPhase;
			buildActionMask = 2147483647;
			files = (
			);
			runOnlyForDeploymentPostprocessing = 0;
		};
		638D3CBD1C77BD8F004F9CA2 /* Frameworks */ = {
			isa = PBXFrameworksBuildPhase;
			buildActionMask = 2147483647;
			files = (
			);
			runOnlyForDeploymentPostprocessing = 0;
		};
/* End PBXFrameworksBuildPhase section */

/* Begin PBXGroup section */
		638D3C931C77BD8F004F9CA2 = {
			isa = PBXGroup;
			children = (
				638D3C9E1C77BD8F004F9CA2 /* want */,
				638D3CB81C77BD8F004F9CA2 /* wantTests */,
				638D3CC31C77BD8F004F9CA2 /* wantUITests */,
				638D3C9D1C77BD8F004F9CA2 /* Products */,
			);
			sourceTree = "<group>";
		};
		638D3C9D1C77BD8F004F9CA2 /* Products */ = {
			isa = PBXGroup;
			children = (
				638D3C9C1C77BD8F004F9CA2 /* want.app */,
				638D3CB51C77BD8F004F9CA2 /* wantTests.xctest */,
				638D3CC01C77BD8F004F9CA2 /* wantUITests.xctest */,
			);
			name = Products;
			sourceTree = "<group>";
		};
		638D3C9E1C77BD8F004F9CA2 /* want */ = {
			isa = PBXGroup;
			children = (
				638D3CA21C77BD8F004F9CA2 /* AppDelegate.h */,
				638D3CA31C77BD8F004F9CA2 /* AppDelegate.m */,
				638D3CE21C77CA43004F9CA2 /* AFNetworking */,
				638D3CF01C77CA43004F9CA2 /* UIKit+AFNetworking */,
				638D3CD51C77BE59004F9CA2 /* Models */,
				638D3D1A1C77CD17004F9CA2 /* View Controllers */,
				638D3CA51C77BD8F004F9CA2 /* ViewController.h */,
				638D3CA61C77BD8F004F9CA2 /* ViewController.m */,
				638D3CA81C77BD8F004F9CA2 /* Main.storyboard */,
				638D3CAB1C77BD8F004F9CA2 /* Assets.xcassets */,
				638D3CAD1C77BD8F004F9CA2 /* LaunchScreen.storyboard */,
				638D3CB01C77BD8F004F9CA2 /* Info.plist */,
				638D3C9F1C77BD8F004F9CA2 /* Supporting Files */,
			);
			path = want;
			sourceTree = "<group>";
		};
		638D3C9F1C77BD8F004F9CA2 /* Supporting Files */ = {
			isa = PBXGroup;
			children = (
				638D3CA01C77BD8F004F9CA2 /* main.m */,
			);
			name = "Supporting Files";
			sourceTree = "<group>";
		};
		638D3CB81C77BD8F004F9CA2 /* wantTests */ = {
			isa = PBXGroup;
			children = (
				638D3CB91C77BD8F004F9CA2 /* wantTests.m */,
				638D3CBB1C77BD8F004F9CA2 /* Info.plist */,
			);
			path = wantTests;
			sourceTree = "<group>";
		};
		638D3CC31C77BD8F004F9CA2 /* wantUITests */ = {
			isa = PBXGroup;
			children = (
				638D3CC41C77BD8F004F9CA2 /* wantUITests.m */,
				638D3CC61C77BD8F004F9CA2 /* Info.plist */,
			);
			path = wantUITests;
			sourceTree = "<group>";
		};
		638D3CD51C77BE59004F9CA2 /* Models */ = {
			isa = PBXGroup;
			children = (
				638D3CD21C77BE4F004F9CA2 /* OKProductCategory.h */,
				638D3CD31C77BE4F004F9CA2 /* OKProductCategory.m */,
				638D3CD61C77BED6004F9CA2 /* OKProduct.h */,
				638D3CD71C77BED6004F9CA2 /* OKProduct.m */,
				638D3CD91C77C10D004F9CA2 /* OKUser.h */,
				638D3CDA1C77C10D004F9CA2 /* OKUser.m */,
				638D3CDC1C77C24F004F9CA2 /* OKCart.h */,
				638D3CDD1C77C24F004F9CA2 /* OKCart.m */,
				638D3CDF1C77C443004F9CA2 /* OKConstants.h */,
				638D3CE01C77C443004F9CA2 /* OKConstants.m */,
				638D3D141C77CAB2004F9CA2 /* OKCard.h */,
				638D3D151C77CAB2004F9CA2 /* OKCard.m */,
				638D3D171C77CB3D004F9CA2 /* OKAddress.h */,
				638D3D181C77CB3D004F9CA2 /* OKAddress.m */,
			);
			name = Models;
			sourceTree = "<group>";
		};
		638D3CE21C77CA43004F9CA2 /* AFNetworking */ = {
			isa = PBXGroup;
			children = (
				638D3CE31C77CA43004F9CA2 /* AFHTTPSessionManager.h */,
				638D3CE41C77CA43004F9CA2 /* AFHTTPSessionManager.m */,
				638D3CE51C77CA43004F9CA2 /* AFNetworking.h */,
				638D3CE61C77CA43004F9CA2 /* AFNetworkReachabilityManager.h */,
				638D3CE71C77CA43004F9CA2 /* AFNetworkReachabilityManager.m */,
				638D3CE81C77CA43004F9CA2 /* AFSecurityPolicy.h */,
				638D3CE91C77CA43004F9CA2 /* AFSecurityPolicy.m */,
				638D3CEA1C77CA43004F9CA2 /* AFURLRequestSerialization.h */,
				638D3CEB1C77CA43004F9CA2 /* AFURLRequestSerialization.m */,
				638D3CEC1C77CA43004F9CA2 /* AFURLResponseSerialization.h */,
				638D3CED1C77CA43004F9CA2 /* AFURLResponseSerialization.m */,
				638D3CEE1C77CA43004F9CA2 /* AFURLSessionManager.h */,
				638D3CEF1C77CA43004F9CA2 /* AFURLSessionManager.m */,
			);
			path = AFNetworking;
			sourceTree = "<group>";
		};
		638D3CF01C77CA43004F9CA2 /* UIKit+AFNetworking */ = {
			isa = PBXGroup;
			children = (
				638D3CF11C77CA43004F9CA2 /* AFAutoPurgingImageCache.h */,
				638D3CF21C77CA43004F9CA2 /* AFAutoPurgingImageCache.m */,
				638D3CF31C77CA43004F9CA2 /* AFImageDownloader.h */,
				638D3CF41C77CA43004F9CA2 /* AFImageDownloader.m */,
				638D3CF51C77CA43004F9CA2 /* AFNetworkActivityIndicatorManager.h */,
				638D3CF61C77CA43004F9CA2 /* AFNetworkActivityIndicatorManager.m */,
				638D3CF71C77CA43004F9CA2 /* UIActivityIndicatorView+AFNetworking.h */,
				638D3CF81C77CA43004F9CA2 /* UIActivityIndicatorView+AFNetworking.m */,
				638D3CF91C77CA43004F9CA2 /* UIButton+AFNetworking.h */,
				638D3CFA1C77CA43004F9CA2 /* UIButton+AFNetworking.m */,
				638D3CFB1C77CA43004F9CA2 /* UIImage+AFNetworking.h */,
				638D3CFC1C77CA43004F9CA2 /* UIImageView+AFNetworking.h */,
				638D3CFD1C77CA43004F9CA2 /* UIImageView+AFNetworking.m */,
				638D3CFE1C77CA43004F9CA2 /* UIKit+AFNetworking.h */,
				638D3CFF1C77CA43004F9CA2 /* UIProgressView+AFNetworking.h */,
				638D3D001C77CA43004F9CA2 /* UIProgressView+AFNetworking.m */,
				638D3D011C77CA43004F9CA2 /* UIRefreshControl+AFNetworking.h */,
				638D3D021C77CA43004F9CA2 /* UIRefreshControl+AFNetworking.m */,
				638D3D031C77CA43004F9CA2 /* UIWebView+AFNetworking.h */,
				638D3D041C77CA43004F9CA2 /* UIWebView+AFNetworking.m */,
			);
			path = "UIKit+AFNetworking";
			sourceTree = "<group>";
		};
		638D3D1A1C77CD17004F9CA2 /* View Controllers */ = {
			isa = PBXGroup;
			children = (
				638D3D1B1C77CD5C004F9CA2 /* OKLoginViewController.h */,
				638D3D1C1C77CD5C004F9CA2 /* OKLoginViewController.m */,
				638D3D1E1C77CD78004F9CA2 /* OKRegisterViewController.h */,
				638D3D1F1C77CD78004F9CA2 /* OKRegisterViewController.m */,
				638D3D211C77CD8F004F9CA2 /* OKHomeViewController.h */,
				638D3D221C77CD8F004F9CA2 /* OKHomeViewController.m */,
				638D3D241C77CD9F004F9CA2 /* OKProductListViewController.h */,
				638D3D251C77CD9F004F9CA2 /* OKProductListViewController.m */,
				638D3D271C77CDA7004F9CA2 /* OKCartViewController.h */,
				638D3D281C77CDA7004F9CA2 /* OKCartViewController.m */,
				638D3D2A1C77CDBC004F9CA2 /* OKConfirmOrderViewController.h */,
				638D3D2B1C77CDBC004F9CA2 /* OKConfirmOrderViewController.m */,
				638D3D2D1C77CDCF004F9CA2 /* OKCourierTrankingViewController.h */,
				638D3D2E1C77CDCF004F9CA2 /* OKCourierTrankingViewController.m */,
				638D3D361C77CE14004F9CA2 /* OKUserProfileViewController.h */,
				638D3D371C77CE14004F9CA2 /* OKUserProfileViewController.m */,
				638D3D301C77CDDA004F9CA2 /* OKOrderViewController.h */,
				638D3D311C77CDDB004F9CA2 /* OKOrderViewController.m */,
				638D3D331C77CDE8004F9CA2 /* OKAddCreditCardViewController.h */,
				638D3D341C77CDE8004F9CA2 /* OKAddCreditCardViewController.m */,
			);
			name = "View Controllers";
			sourceTree = "<group>";
		};
/* End PBXGroup section */

/* Begin PBXNativeTarget section */
		638D3C9B1C77BD8F004F9CA2 /* want */ = {
			isa = PBXNativeTarget;
			buildConfigurationList = 638D3CC91C77BD8F004F9CA2 /* Build configuration list for PBXNativeTarget "want" */;
			buildPhases = (
				638D3C981C77BD8F004F9CA2 /* Sources */,
				638D3C991C77BD8F004F9CA2 /* Frameworks */,
				638D3C9A1C77BD8F004F9CA2 /* Resources */,
			);
			buildRules = (
			);
			dependencies = (
			);
			name = want;
			productName = want;
			productReference = 638D3C9C1C77BD8F004F9CA2 /* want.app */;
			productType = "com.apple.product-type.application";
		};
		638D3CB41C77BD8F004F9CA2 /* wantTests */ = {
			isa = PBXNativeTarget;
			buildConfigurationList = 638D3CCC1C77BD8F004F9CA2 /* Build configuration list for PBXNativeTarget "wantTests" */;
			buildPhases = (
				638D3CB11C77BD8F004F9CA2 /* Sources */,
				638D3CB21C77BD8F004F9CA2 /* Frameworks */,
				638D3CB31C77BD8F004F9CA2 /* Resources */,
			);
			buildRules = (
			);
			dependencies = (
				638D3CB71C77BD8F004F9CA2 /* PBXTargetDependency */,
			);
			name = wantTests;
			productName = wantTests;
			productReference = 638D3CB51C77BD8F004F9CA2 /* wantTests.xctest */;
			productType = "com.apple.product-type.bundle.unit-test";
		};
		638D3CBF1C77BD8F004F9CA2 /* wantUITests */ = {
			isa = PBXNativeTarget;
			buildConfigurationList = 638D3CCF1C77BD8F004F9CA2 /* Build configuration list for PBXNativeTarget "wantUITests" */;
			buildPhases = (
				638D3CBC1C77BD8F004F9CA2 /* Sources */,
				638D3CBD1C77BD8F004F9CA2 /* Frameworks */,
				638D3CBE1C77BD8F004F9CA2 /* Resources */,
			);
			buildRules = (
			);
			dependencies = (
				638D3CC21C77BD8F004F9CA2 /* PBXTargetDependency */,
			);
			name = wantUITests;
			productName = wantUITests;
			productReference = 638D3CC01C77BD8F004F9CA2 /* wantUITests.xctest */;
			productType = "com.apple.product-type.bundle.ui-testing";
		};
/* End PBXNativeTarget section */

/* Begin PBXProject section */
		638D3C941C77BD8F004F9CA2 /* Project object */ = {
			isa = PBXProject;
			attributes = {
				LastUpgradeCheck = 0720;
				ORGANIZATIONNAME = "Omer Karisman";
				TargetAttributes = {
					638D3C9B1C77BD8F004F9CA2 = {
						CreatedOnToolsVersion = 7.2;
					};
					638D3CB41C77BD8F004F9CA2 = {
						CreatedOnToolsVersion = 7.2;
						TestTargetID = 638D3C9B1C77BD8F004F9CA2;
					};
					638D3CBF1C77BD8F004F9CA2 = {
						CreatedOnToolsVersion = 7.2;
						TestTargetID = 638D3C9B1C77BD8F004F9CA2;
					};
				};
			};
			buildConfigurationList = 638D3C971C77BD8F004F9CA2 /* Build configuration list for PBXProject "want" */;
			compatibilityVersion = "Xcode 3.2";
			developmentRegion = English;
			hasScannedForEncodings = 0;
			knownRegions = (
				en,
				Base,
			);
			mainGroup = 638D3C931C77BD8F004F9CA2;
			productRefGroup = 638D3C9D1C77BD8F004F9CA2 /* Products */;
			projectDirPath = "";
			projectRoot = "";
			targets = (
				638D3C9B1C77BD8F004F9CA2 /* want */,
				638D3CB41C77BD8F004F9CA2 /* wantTests */,
				638D3CBF1C77BD8F004F9CA2 /* wantUITests */,
			);
		};
/* End PBXProject section */

/* Begin PBXResourcesBuildPhase section */
		638D3C9A1C77BD8F004F9CA2 /* Resources */ = {
			isa = PBXResourcesBuildPhase;
			buildActionMask = 2147483647;
			files = (
				638D3CAF1C77BD8F004F9CA2 /* LaunchScreen.storyboard in Resources */,
				638D3CAC1C77BD8F004F9CA2 /* Assets.xcassets in Resources */,
				638D3CAA1C77BD8F004F9CA2 /* Main.storyboard in Resources */,
			);
			runOnlyForDeploymentPostprocessing = 0;
		};
		638D3CB31C77BD8F004F9CA2 /* Resources */ = {
			isa = PBXResourcesBuildPhase;
			buildActionMask = 2147483647;
			files = (
			);
			runOnlyForDeploymentPostprocessing = 0;
		};
		638D3CBE1C77BD8F004F9CA2 /* Resources */ = {
			isa = PBXResourcesBuildPhase;
			buildActionMask = 2147483647;
			files = (
			);
			runOnlyForDeploymentPostprocessing = 0;
		};
/* End PBXResourcesBuildPhase section */

/* Begin PBXSourcesBuildPhase section */
		638D3C981C77BD8F004F9CA2 /* Sources */ = {
			isa = PBXSourcesBuildPhase;
			buildActionMask = 2147483647;
			files = (
				638D3D0B1C77CA43004F9CA2 /* AFAutoPurgingImageCache.m in Sources */,
				638D3CA71C77BD8F004F9CA2 /* ViewController.m in Sources */,
				638D3CA41C77BD8F004F9CA2 /* AppDelegate.m in Sources */,
				638D3D061C77CA43004F9CA2 /* AFNetworkReachabilityManager.m in Sources */,
				638D3D2F1C77CDCF004F9CA2 /* OKCourierTrankingViewController.m in Sources */,
				638D3D0A1C77CA43004F9CA2 /* AFURLSessionManager.m in Sources */,
				638D3D081C77CA43004F9CA2 /* AFURLRequestSerialization.m in Sources */,
				638D3D351C77CDE8004F9CA2 /* OKAddCreditCardViewController.m in Sources */,
				638D3D0E1C77CA43004F9CA2 /* UIActivityIndicatorView+AFNetworking.m in Sources */,
				638D3D201C77CD78004F9CA2 /* OKRegisterViewController.m in Sources */,
				638D3D161C77CAB2004F9CA2 /* OKCard.m in Sources */,
				638D3D191C77CB3D004F9CA2 /* OKAddress.m in Sources */,
				638D3D2C1C77CDBC004F9CA2 /* OKConfirmOrderViewController.m in Sources */,
				638D3D381C77CE14004F9CA2 /* OKUserProfileViewController.m in Sources */,
				638D3D111C77CA43004F9CA2 /* UIProgressView+AFNetworking.m in Sources */,
				638D3CD81C77BED6004F9CA2 /* OKProduct.m in Sources */,
				638D3D0D1C77CA43004F9CA2 /* AFNetworkActivityIndicatorManager.m in Sources */,
				638D3D0C1C77CA43004F9CA2 /* AFImageDownloader.m in Sources */,
				638D3D0F1C77CA43004F9CA2 /* UIButton+AFNetworking.m in Sources */,
				638D3D101C77CA43004F9CA2 /* UIImageView+AFNetworking.m in Sources */,
				638D3D091C77CA43004F9CA2 /* AFURLResponseSerialization.m in Sources */,
				638D3D051C77CA43004F9CA2 /* AFHTTPSessionManager.m in Sources */,
				638D3D291C77CDA7004F9CA2 /* OKCartViewController.m in Sources */,
				638D3D261C77CD9F004F9CA2 /* OKProductListViewController.m in Sources */,
				638D3CA11C77BD8F004F9CA2 /* main.m in Sources */,
				638D3D131C77CA43004F9CA2 /* UIWebView+AFNetworking.m in Sources */,
				638D3CDB1C77C10D004F9CA2 /* OKUser.m in Sources */,
				638D3D321C77CDDB004F9CA2 /* OKOrderViewController.m in Sources */,
				638D3CD41C77BE4F004F9CA2 /* OKProductCategory.m in Sources */,
				638D3D121C77CA43004F9CA2 /* UIRefreshControl+AFNetworking.m in Sources */,
				638D3D231C77CD8F004F9CA2 /* OKHomeViewController.m in Sources */,
				638D3D1D1C77CD5C004F9CA2 /* OKLoginViewController.m in Sources */,
				638D3CDE1C77C24F004F9CA2 /* OKCart.m in Sources */,
				638D3D071C77CA43004F9CA2 /* AFSecurityPolicy.m in Sources */,
				638D3CE11C77C443004F9CA2 /* OKConstants.m in Sources */,
			);
			runOnlyForDeploymentPostprocessing = 0;
		};
		638D3CB11C77BD8F004F9CA2 /* Sources */ = {
			isa = PBXSourcesBuildPhase;
			buildActionMask = 2147483647;
			files = (
				638D3CBA1C77BD8F004F9CA2 /* wantTests.m in Sources */,
			);
			runOnlyForDeploymentPostprocessing = 0;
		};
		638D3CBC1C77BD8F004F9CA2 /* Sources */ = {
			isa = PBXSourcesBuildPhase;
			buildActionMask = 2147483647;
			files = (
				638D3CC51C77BD8F004F9CA2 /* wantUITests.m in Sources */,
			);
			runOnlyForDeploymentPostprocessing = 0;
		};
/* End PBXSourcesBuildPhase section */

/* Begin PBXTargetDependency section */
		638D3CB71C77BD8F004F9CA2 /* PBXTargetDependency */ = {
			isa = PBXTargetDependency;
			target = 638D3C9B1C77BD8F004F9CA2 /* want */;
			targetProxy = 638D3CB61C77BD8F004F9CA2 /* PBXContainerItemProxy */;
		};
		638D3CC21C77BD8F004F9CA2 /* PBXTargetDependency */ = {
			isa = PBXTargetDependency;
			target = 638D3C9B1C77BD8F004F9CA2 /* want */;
			targetProxy = 638D3CC11C77BD8F004F9CA2 /* PBXContainerItemProxy */;
		};
/* End PBXTargetDependency section */

/* Begin PBXVariantGroup section */
		638D3CA81C77BD8F004F9CA2 /* Main.storyboard */ = {
			isa = PBXVariantGroup;
			children = (
				638D3CA91C77BD8F004F9CA2 /* Base */,
			);
			name = Main.storyboard;
			sourceTree = "<group>";
		};
		638D3CAD1C77BD8F004F9CA2 /* LaunchScreen.storyboard */ = {
			isa = PBXVariantGroup;
			children = (
				638D3CAE1C77BD8F004F9CA2 /* Base */,
			);
			name = LaunchScreen.storyboard;
			sourceTree = "<group>";
		};
/* End PBXVariantGroup section */

/* Begin XCBuildConfiguration section */
		638D3CC71C77BD8F004F9CA2 /* Debug */ = {
			isa = XCBuildConfiguration;
			buildSettings = {
				ALWAYS_SEARCH_USER_PATHS = NO;
				CLANG_CXX_LANGUAGE_STANDARD = "gnu++0x";
				CLANG_CXX_LIBRARY = "libc++";
				CLANG_ENABLE_MODULES = YES;
				CLANG_ENABLE_OBJC_ARC = YES;
				CLANG_WARN_BOOL_CONVERSION = YES;
				CLANG_WARN_CONSTANT_CONVERSION = YES;
				CLANG_WARN_DIRECT_OBJC_ISA_USAGE = YES_ERROR;
				CLANG_WARN_EMPTY_BODY = YES;
				CLANG_WARN_ENUM_CONVERSION = YES;
				CLANG_WARN_INT_CONVERSION = YES;
				CLANG_WARN_OBJC_ROOT_CLASS = YES_ERROR;
				CLANG_WARN_UNREACHABLE_CODE = YES;
				CLANG_WARN__DUPLICATE_METHOD_MATCH = YES;
				"CODE_SIGN_IDENTITY[sdk=iphoneos*]" = "iPhone Developer";
				COPY_PHASE_STRIP = NO;
				DEBUG_INFORMATION_FORMAT = dwarf;
				ENABLE_STRICT_OBJC_MSGSEND = YES;
				ENABLE_TESTABILITY = YES;
				GCC_C_LANGUAGE_STANDARD = gnu99;
				GCC_DYNAMIC_NO_PIC = NO;
				GCC_NO_COMMON_BLOCKS = YES;
				GCC_OPTIMIZATION_LEVEL = 0;
				GCC_PREPROCESSOR_DEFINITIONS = (
					"DEBUG=1",
					"$(inherited)",
				);
				GCC_WARN_64_TO_32_BIT_CONVERSION = YES;
				GCC_WARN_ABOUT_RETURN_TYPE = YES_ERROR;
				GCC_WARN_UNDECLARED_SELECTOR = YES;
				GCC_WARN_UNINITIALIZED_AUTOS = YES_AGGRESSIVE;
				GCC_WARN_UNUSED_FUNCTION = YES;
				GCC_WARN_UNUSED_VARIABLE = YES;
				IPHONEOS_DEPLOYMENT_TARGET = 9.2;
				MTL_ENABLE_DEBUG_INFO = YES;
				ONLY_ACTIVE_ARCH = YES;
				SDKROOT = iphoneos;
			};
			name = Debug;
		};
		638D3CC81C77BD8F004F9CA2 /* Release */ = {
			isa = XCBuildConfiguration;
			buildSettings = {
				ALWAYS_SEARCH_USER_PATHS = NO;
				CLANG_CXX_LANGUAGE_STANDARD = "gnu++0x";
				CLANG_CXX_LIBRARY = "libc++";
				CLANG_ENABLE_MODULES = YES;
				CLANG_ENABLE_OBJC_ARC = YES;
				CLANG_WARN_BOOL_CONVERSION = YES;
				CLANG_WARN_CONSTANT_CONVERSION = YES;
				CLANG_WARN_DIRECT_OBJC_ISA_USAGE = YES_ERROR;
				CLANG_WARN_EMPTY_BODY = YES;
				CLANG_WARN_ENUM_CONVERSION = YES;
				CLANG_WARN_INT_CONVERSION = YES;
				CLANG_WARN_OBJC_ROOT_CLASS = YES_ERROR;
				CLANG_WARN_UNREACHABLE_CODE = YES;
				CLANG_WARN__DUPLICATE_METHOD_MATCH = YES;
				"CODE_SIGN_IDENTITY[sdk=iphoneos*]" = "iPhone Developer";
				COPY_PHASE_STRIP = NO;
				DEBUG_INFORMATION_FORMAT = "dwarf-with-dsym";
				ENABLE_NS_ASSERTIONS = NO;
				ENABLE_STRICT_OBJC_MSGSEND = YES;
				GCC_C_LANGUAGE_STANDARD = gnu99;
				GCC_NO_COMMON_BLOCKS = YES;
				GCC_WARN_64_TO_32_BIT_CONVERSION = YES;
				GCC_WARN_ABOUT_RETURN_TYPE = YES_ERROR;
				GCC_WARN_UNDECLARED_SELECTOR = YES;
				GCC_WARN_UNINITIALIZED_AUTOS = YES_AGGRESSIVE;
				GCC_WARN_UNUSED_FUNCTION = YES;
				GCC_WARN_UNUSED_VARIABLE = YES;
				IPHONEOS_DEPLOYMENT_TARGET = 9.2;
				MTL_ENABLE_DEBUG_INFO = NO;
				SDKROOT = iphoneos;
				VALIDATE_PRODUCT = YES;
			};
			name = Release;
		};
		638D3CCA1C77BD8F004F9CA2 /* Debug */ = {
			isa = XCBuildConfiguration;
			buildSettings = {
				ASSETCATALOG_COMPILER_APPICON_NAME = AppIcon;
				INFOPLIST_FILE = want/Info.plist;
				LD_RUNPATH_SEARCH_PATHS = "$(inherited) @executable_path/Frameworks";
				PRODUCT_BUNDLE_IDENTIFIER = com.okaris.want;
				PRODUCT_NAME = "$(TARGET_NAME)";
			};
			name = Debug;
		};
		638D3CCB1C77BD8F004F9CA2 /* Release */ = {
			isa = XCBuildConfiguration;
			buildSettings = {
				ASSETCATALOG_COMPILER_APPICON_NAME = AppIcon;
				INFOPLIST_FILE = want/Info.plist;
				LD_RUNPATH_SEARCH_PATHS = "$(inherited) @executable_path/Frameworks";
				PRODUCT_BUNDLE_IDENTIFIER = com.okaris.want;
				PRODUCT_NAME = "$(TARGET_NAME)";
			};
			name = Release;
		};
		638D3CCD1C77BD8F004F9CA2 /* Debug */ = {
			isa = XCBuildConfiguration;
			buildSettings = {
				BUNDLE_LOADER = "$(TEST_HOST)";
				INFOPLIST_FILE = wantTests/Info.plist;
				LD_RUNPATH_SEARCH_PATHS = "$(inherited) @executable_path/Frameworks @loader_path/Frameworks";
				PRODUCT_BUNDLE_IDENTIFIER = com.okaris.wantTests;
				PRODUCT_NAME = "$(TARGET_NAME)";
				TEST_HOST = "$(BUILT_PRODUCTS_DIR)/want.app/want";
			};
			name = Debug;
		};
		638D3CCE1C77BD8F004F9CA2 /* Release */ = {
			isa = XCBuildConfiguration;
			buildSettings = {
				BUNDLE_LOADER = "$(TEST_HOST)";
				INFOPLIST_FILE = wantTests/Info.plist;
				LD_RUNPATH_SEARCH_PATHS = "$(inherited) @executable_path/Frameworks @loader_path/Frameworks";
				PRODUCT_BUNDLE_IDENTIFIER = com.okaris.wantTests;
				PRODUCT_NAME = "$(TARGET_NAME)";
				TEST_HOST = "$(BUILT_PRODUCTS_DIR)/want.app/want";
			};
			name = Release;
		};
		638D3CD01C77BD8F004F9CA2 /* Debug */ = {
			isa = XCBuildConfiguration;
			buildSettings = {
				INFOPLIST_FILE = wantUITests/Info.plist;
				LD_RUNPATH_SEARCH_PATHS = "$(inherited) @executable_path/Frameworks @loader_path/Frameworks";
				PRODUCT_BUNDLE_IDENTIFIER = com.okaris.wantUITests;
				PRODUCT_NAME = "$(TARGET_NAME)";
				TEST_TARGET_NAME = want;
				USES_XCTRUNNER = YES;
			};
			name = Debug;
		};
		638D3CD11C77BD8F004F9CA2 /* Release */ = {
			isa = XCBuildConfiguration;
			buildSettings = {
				INFOPLIST_FILE = wantUITests/Info.plist;
				LD_RUNPATH_SEARCH_PATHS = "$(inherited) @executable_path/Frameworks @loader_path/Frameworks";
				PRODUCT_BUNDLE_IDENTIFIER = com.okaris.wantUITests;
				PRODUCT_NAME = "$(TARGET_NAME)";
				TEST_TARGET_NAME = want;
				USES_XCTRUNNER = YES;
			};
			name = Release;
		};
/* End XCBuildConfiguration section */

/* Begin XCConfigurationList section */
		638D3C971C77BD8F004F9CA2 /* Build configuration list for PBXProject "want" */ = {
			isa = XCConfigurationList;
			buildConfigurations = (
				638D3CC71C77BD8F004F9CA2 /* Debug */,
				638D3CC81C77BD8F004F9CA2 /* Release */,
			);
			defaultConfigurationIsVisible = 0;
			defaultConfigurationName = Release;
		};
		638D3CC91C77BD8F004F9CA2 /* Build configuration list for PBXNativeTarget "want" */ = {
			isa = XCConfigurationList;
			buildConfigurations = (
				638D3CCA1C77BD8F004F9CA2 /* Debug */,
				638D3CCB1C77BD8F004F9CA2 /* Release */,
			);
			defaultConfigurationIsVisible = 0;
		};
		638D3CCC1C77BD8F004F9CA2 /* Build configuration list for PBXNativeTarget "wantTests" */ = {
			isa = XCConfigurationList;
			buildConfigurations = (
				638D3CCD1C77BD8F004F9CA2 /* Debug */,
				638D3CCE1C77BD8F004F9CA2 /* Release */,
			);
			defaultConfigurationIsVisible = 0;
		};
		638D3CCF1C77BD8F004F9CA2 /* Build configuration list for PBXNativeTarget "wantUITests" */ = {
			isa = XCConfigurationList;
			buildConfigurations = (
				638D3CD01C77BD8F004F9CA2 /* Debug */,
				638D3CD11C77BD8F004F9CA2 /* Release */,
			);
			defaultConfigurationIsVisible = 0;
		};
/* End XCConfigurationList section */
	};
	rootObject = 638D3C941C77BD8F004F9CA2 /* Project object */;
}
